// !$*UTF8*$!
{
	archiveVersion = 1;
	classes = {
	};
	objectVersion = 50;
	objects = {

/* Begin PBXBuildFile section */
		C23D168E24B5B44900925AEF /* AppDelegate.swift in Sources */ = {isa = PBXBuildFile; fileRef = C23D168D24B5B44900925AEF /* AppDelegate.swift */; };
		C23D169024B5B44900925AEF /* SceneDelegate.swift in Sources */ = {isa = PBXBuildFile; fileRef = C23D168F24B5B44900925AEF /* SceneDelegate.swift */; };
		C23D169224B5B44900925AEF /* AlbumViewController.swift in Sources */ = {isa = PBXBuildFile; fileRef = C23D169124B5B44900925AEF /* AlbumViewController.swift */; };
		C23D169524B5B44900925AEF /* Main.storyboard in Resources */ = {isa = PBXBuildFile; fileRef = C23D169324B5B44900925AEF /* Main.storyboard */; };
		C23D169724B5B44A00925AEF /* Assets.xcassets in Resources */ = {isa = PBXBuildFile; fileRef = C23D169624B5B44A00925AEF /* Assets.xcassets */; };
		C23D169A24B5B44A00925AEF /* LaunchScreen.storyboard in Resources */ = {isa = PBXBuildFile; fileRef = C23D169824B5B44A00925AEF /* LaunchScreen.storyboard */; };
		C23D16A224B75D6B00925AEF /* PhotosViewController.swift in Sources */ = {isa = PBXBuildFile; fileRef = C23D16A124B75D6B00925AEF /* PhotosViewController.swift */; };
		C23D16A824B830E500925AEF /* Extensions.swift in Sources */ = {isa = PBXBuildFile; fileRef = C23D16A724B830E500925AEF /* Extensions.swift */; };
		C23D16AB24B84C0600925AEF /* PhotoCell.swift in Sources */ = {isa = PBXBuildFile; fileRef = C23D16AA24B84C0600925AEF /* PhotoCell.swift */; };
/* End PBXBuildFile section */

/* Begin PBXFileReference section */
		C23D168A24B5B44900925AEF /* PhotoKitSample.app */ = {isa = PBXFileReference; explicitFileType = wrapper.application; includeInIndex = 0; path = PhotoKitSample.app; sourceTree = BUILT_PRODUCTS_DIR; };
		C23D168D24B5B44900925AEF /* AppDelegate.swift */ = {isa = PBXFileReference; lastKnownFileType = sourcecode.swift; path = AppDelegate.swift; sourceTree = "<group>"; };
		C23D168F24B5B44900925AEF /* SceneDelegate.swift */ = {isa = PBXFileReference; lastKnownFileType = sourcecode.swift; path = SceneDelegate.swift; sourceTree = "<group>"; };
		C23D169124B5B44900925AEF /* AlbumViewController.swift */ = {isa = PBXFileReference; lastKnownFileType = sourcecode.swift; path = AlbumViewController.swift; sourceTree = "<group>"; };
		C23D169424B5B44900925AEF /* Base */ = {isa = PBXFileReference; lastKnownFileType = file.storyboard; name = Base; path = Base.lproj/Main.storyboard; sourceTree = "<group>"; };
		C23D169624B5B44A00925AEF /* Assets.xcassets */ = {isa = PBXFileReference; lastKnownFileType = folder.assetcatalog; path = Assets.xcassets; sourceTree = "<group>"; };
		C23D169924B5B44A00925AEF /* Base */ = {isa = PBXFileReference; lastKnownFileType = file.storyboard; name = Base; path = Base.lproj/LaunchScreen.storyboard; sourceTree = "<group>"; };
		C23D169B24B5B44A00925AEF /* Info.plist */ = {isa = PBXFileReference; lastKnownFileType = text.plist.xml; path = Info.plist; sourceTree = "<group>"; };
		C23D16A124B75D6B00925AEF /* PhotosViewController.swift */ = {isa = PBXFileReference; lastKnownFileType = sourcecode.swift; path = PhotosViewController.swift; sourceTree = "<group>"; };
		C23D16A724B830E500925AEF /* Extensions.swift */ = {isa = PBXFileReference; lastKnownFileType = sourcecode.swift; path = Extensions.swift; sourceTree = "<group>"; };
		C23D16AA24B84C0600925AEF /* PhotoCell.swift */ = {isa = PBXFileReference; lastKnownFileType = sourcecode.swift; path = PhotoCell.swift; sourceTree = "<group>"; };
/* End PBXFileReference section */

/* Begin PBXFrameworksBuildPhase section */
		C23D168724B5B44900925AEF /* Frameworks */ = {
			isa = PBXFrameworksBuildPhase;
			buildActionMask = 2147483647;
			files = (
			);
			runOnlyForDeploymentPostprocessing = 0;
		};
/* End PBXFrameworksBuildPhase section */

/* Begin PBXGroup section */
		C23D168124B5B44900925AEF = {
			isa = PBXGroup;
			children = (
				C23D168C24B5B44900925AEF /* PhotoKitSample */,
				C23D168B24B5B44900925AEF /* Products */,
			);
			sourceTree = "<group>";
		};
		C23D168B24B5B44900925AEF /* Products */ = {
			isa = PBXGroup;
			children = (
				C23D168A24B5B44900925AEF /* PhotoKitSample.app */,
			);
			name = Products;
			sourceTree = "<group>";
		};
		C23D168C24B5B44900925AEF /* PhotoKitSample */ = {
			isa = PBXGroup;
			children = (
				C23D168D24B5B44900925AEF /* AppDelegate.swift */,
				C23D168F24B5B44900925AEF /* SceneDelegate.swift */,
				C23D16A324B75FC700925AEF /* Albums */,
				C23D16A424B75FCA00925AEF /* Photos */,
				C23D16A724B830E500925AEF /* Extensions.swift */,
				C23D169324B5B44900925AEF /* Main.storyboard */,
				C23D169624B5B44A00925AEF /* Assets.xcassets */,
				C23D169824B5B44A00925AEF /* LaunchScreen.storyboard */,
				C23D169B24B5B44A00925AEF /* Info.plist */,
			);
			path = PhotoKitSample;
			sourceTree = "<group>";
		};
		C23D16A324B75FC700925AEF /* Albums */ = {
			isa = PBXGroup;
			children = (
				C23D169124B5B44900925AEF /* AlbumViewController.swift */,
			);
			path = Albums;
			sourceTree = "<group>";
		};
		C23D16A424B75FCA00925AEF /* Photos */ = {
			isa = PBXGroup;
			children = (
				C23D16A124B75D6B00925AEF /* PhotosViewController.swift */,
				C23D16AA24B84C0600925AEF /* PhotoCell.swift */,
			);
			path = Photos;
			sourceTree = "<group>";
		};
/* End PBXGroup section */

/* Begin PBXNativeTarget section */
		C23D168924B5B44900925AEF /* PhotoKitSample */ = {
			isa = PBXNativeTarget;
			buildConfigurationList = C23D169E24B5B44A00925AEF /* Build configuration list for PBXNativeTarget "PhotoKitSample" */;
			buildPhases = (
				C23D168624B5B44900925AEF /* Sources */,
				C23D168724B5B44900925AEF /* Frameworks */,
				C23D168824B5B44900925AEF /* Resources */,
			);
			buildRules = (
			);
			dependencies = (
			);
			name = PhotoKitSample;
			productName = PhotoKitSample;
			productReference = C23D168A24B5B44900925AEF /* PhotoKitSample.app */;
			productType = "com.apple.product-type.application";
		};
/* End PBXNativeTarget section */

/* Begin PBXProject section */
		C23D168224B5B44900925AEF /* Project object */ = {
			isa = PBXProject;
			attributes = {
				LastSwiftUpdateCheck = 1150;
				LastUpgradeCheck = 1150;
				ORGANIZATIONNAME = cskim;
				TargetAttributes = {
					C23D168924B5B44900925AEF = {
						CreatedOnToolsVersion = 11.5;
					};
				};
			};
			buildConfigurationList = C23D168524B5B44900925AEF /* Build configuration list for PBXProject "PhotoKitSample" */;
			compatibilityVersion = "Xcode 9.3";
			developmentRegion = en;
			hasScannedForEncodings = 0;
			knownRegions = (
				en,
				Base,
			);
			mainGroup = C23D168124B5B44900925AEF;
			productRefGroup = C23D168B24B5B44900925AEF /* Products */;
			projectDirPath = "";
			projectRoot = "";
			targets = (
				C23D168924B5B44900925AEF /* PhotoKitSample */,
			);
		};
/* End PBXProject section */

/* Begin PBXResourcesBuildPhase section */
		C23D168824B5B44900925AEF /* Resources */ = {
			isa = PBXResourcesBuildPhase;
			buildActionMask = 2147483647;
			files = (
				C23D169A24B5B44A00925AEF /* LaunchScreen.storyboard in Resources */,
				C23D169724B5B44A00925AEF /* Assets.xcassets in Resources */,
				C23D169524B5B44900925AEF /* Main.storyboard in Resources */,
			);
			runOnlyForDeploymentPostprocessing = 0;
		};
/* End PBXResourcesBuildPhase section */

/* Begin PBXSourcesBuildPhase section */
		C23D168624B5B44900925AEF /* Sources */ = {
			isa = PBXSourcesBuildPhase;
			buildActionMask = 2147483647;
			files = (
				C23D16A824B830E500925AEF /* Extensions.swift in Sources */,
				C23D169224B5B44900925AEF /* AlbumViewController.swift in Sources */,
				C23D168E24B5B44900925AEF /* AppDelegate.swift in Sources */,
				C23D16A224B75D6B00925AEF /* PhotosViewController.swift in Sources */,
				C23D16AB24B84C0600925AEF /* PhotoCell.swift in Sources */,
				C23D169024B5B44900925AEF /* SceneDelegate.swift in Sources */,
			);
			runOnlyForDeploymentPostprocessing = 0;
		};
/* End PBXSourcesBuildPhase section */

/* Begin PBXVariantGroup section */
		C23D169324B5B44900925AEF /* Main.storyboard */ = {
			isa = PBXVariantGroup;
			children = (
				C23D169424B5B44900925AEF /* Base */,
			);
			name = Main.storyboard;
			sourceTree = "<group>";
		};
		C23D169824B5B44A00925AEF /* LaunchScreen.storyboard */ = {
			isa = PBXVariantGroup;
			children = (
				C23D169924B5B44A00925AEF /* Base */,
			);
			name = LaunchScreen.storyboard;
			sourceTree = "<group>";
		};
/* End PBXVariantGroup section */

/* Begin XCBuildConfiguration section */
		C23D169C24B5B44A00925AEF /* Debug */ = {
			isa = XCBuildConfiguration;
			buildSettings = {
				ALWAYS_SEARCH_USER_PATHS = NO;
				CLANG_ANALYZER_NONNULL = YES;
				CLANG_ANALYZER_NUMBER_OBJECT_CONVERSION = YES_AGGRESSIVE;
				CLANG_CXX_LANGUAGE_STANDARD = "gnu++14";
				CLANG_CXX_LIBRARY = "libc++";
				CLANG_ENABLE_MODULES = YES;
				CLANG_ENABLE_OBJC_ARC = YES;
				CLANG_ENABLE_OBJC_WEAK = YES;
				CLANG_WARN_BLOCK_CAPTURE_AUTORELEASING = YES;
				CLANG_WARN_BOOL_CONVERSION = YES;
				CLANG_WARN_COMMA = YES;
				CLANG_WARN_CONSTANT_CONVERSION = YES;
				CLANG_WARN_DEPRECATED_OBJC_IMPLEMENTATIONS = YES;
				CLANG_WARN_DIRECT_OBJC_ISA_USAGE = YES_ERROR;
				CLANG_WARN_DOCUMENTATION_COMMENTS = YES;
				CLANG_WARN_EMPTY_BODY = YES;
				CLANG_WARN_ENUM_CONVERSION = YES;
				CLANG_WARN_INFINITE_RECURSION = YES;
				CLANG_WARN_INT_CONVERSION = YES;
				CLANG_WARN_NON_LITERAL_NULL_CONVERSION = YES;
				CLANG_WARN_OBJC_IMPLICIT_RETAIN_SELF = YES;
				CLANG_WARN_OBJC_LITERAL_CONVERSION = YES;
				CLANG_WARN_OBJC_ROOT_CLASS = YES_ERROR;
				CLANG_WARN_RANGE_LOOP_ANALYSIS = YES;
				CLANG_WARN_STRICT_PROTOTYPES = YES;
				CLANG_WARN_SUSPICIOUS_MOVE = YES;
				CLANG_WARN_UNGUARDED_AVAILABILITY = YES_AGGRESSIVE;
				CLANG_WARN_UNREACHABLE_CODE = YES;
				CLANG_WARN__DUPLICATE_METHOD_MATCH = YES;
				COPY_PHASE_STRIP = NO;
				DEBUG_INFORMATION_FORMAT = dwarf;
				ENABLE_STRICT_OBJC_MSGSEND = YES;
				ENABLE_TESTABILITY = YES;
				GCC_C_LANGUAGE_STANDARD = gnu11;
				GCC_DYNAMIC_NO_PIC = NO;
				GCC_NO_COMMON_BLOCKS = YES;
				GCC_OPTIMIZATION_LEVEL = 0;
				GCC_PREPROCESSOR_DEFINITIONS = (
					"DEBUG=1",
					"$(inherited)",
				);
				GCC_WARN_64_TO_32_BIT_CONVERSION = YES;
				GCC_WARN_ABOUT_RETURN_TYPE = YES_ERROR;
				GCC_WARN_UNDECLARED_SELECTOR = YES;
				GCC_WARN_UNINITIALIZED_AUTOS = YES_AGGRESSIVE;
				GCC_WARN_UNUSED_FUNCTION = YES;
				GCC_WARN_UNUSED_VARIABLE = YES;
				IPHONEOS_DEPLOYMENT_TARGET = 13.5;
				MTL_ENABLE_DEBUG_INFO = INCLUDE_SOURCE;
				MTL_FAST_MATH = YES;
				ONLY_ACTIVE_ARCH = YES;
				SDKROOT = iphoneos;
				SWIFT_ACTIVE_COMPILATION_CONDITIONS = DEBUG;
				SWIFT_OPTIMIZATION_LEVEL = "-Onone";
			};
			name = Debug;
		};
		C23D169D24B5B44A00925AEF /* Release */ = {
			isa = XCBuildConfiguration;
			buildSettings = {
				ALWAYS_SEARCH_USER_PATHS = NO;
				CLANG_ANALYZER_NONNULL = YES;
				CLANG_ANALYZER_NUMBER_OBJECT_CONVERSION = YES_AGGRESSIVE;
				CLANG_CXX_LANGUAGE_STANDARD = "gnu++14";
				CLANG_CXX_LIBRARY = "libc++";
				CLANG_ENABLE_MODULES = YES;
				CLANG_ENABLE_OBJC_ARC = YES;
				CLANG_ENABLE_OBJC_WEAK = YES;
				CLANG_WARN_BLOCK_CAPTURE_AUTORELEASING = YES;
				CLANG_WARN_BOOL_CONVERSION = YES;
				CLANG_WARN_COMMA = YES;
				CLANG_WARN_CONSTANT_CONVERSION = YES;
				CLANG_WARN_DEPRECATED_OBJC_IMPLEMENTATIONS = YES;
				CLANG_WARN_DIRECT_OBJC_ISA_USAGE = YES_ERROR;
				CLANG_WARN_DOCUMENTATION_COMMENTS = YES;
				CLANG_WARN_EMPTY_BODY = YES;
				CLANG_WARN_ENUM_CONVERSION = YES;
				CLANG_WARN_INFINITE_RECURSION = YES;
				CLANG_WARN_INT_CONVERSION = YES;
				CLANG_WARN_NON_LITERAL_NULL_CONVERSION = YES;
				CLANG_WARN_OBJC_IMPLICIT_RETAIN_SELF = YES;
				CLANG_WARN_OBJC_LITERAL_CONVERSION = YES;
				CLANG_WARN_OBJC_ROOT_CLASS = YES_ERROR;
				CLANG_WARN_RANGE_LOOP_ANALYSIS = YES;
				CLANG_WARN_STRICT_PROTOTYPES = YES;
				CLANG_WARN_SUSPICIOUS_MOVE = YES;
				CLANG_WARN_UNGUARDED_AVAILABILITY = YES_AGGRESSIVE;
				CLANG_WARN_UNREACHABLE_CODE = YES;
				CLANG_WARN__DUPLICATE_METHOD_MATCH = YES;
				COPY_PHASE_STRIP = NO;
				DEBUG_INFORMATION_FORMAT = "dwarf-with-dsym";
				ENABLE_NS_ASSERTIONS = NO;
				ENABLE_STRICT_OBJC_MSGSEND = YES;
				GCC_C_LANGUAGE_STANDARD = gnu11;
				GCC_NO_COMMON_BLOCKS = YES;
				GCC_WARN_64_TO_32_BIT_CONVERSION = YES;
				GCC_WARN_ABOUT_RETURN_TYPE = YES_ERROR;
				GCC_WARN_UNDECLARED_SELECTOR = YES;
				GCC_WARN_UNINITIALIZED_AUTOS = YES_AGGRESSIVE;
				GCC_WARN_UNUSED_FUNCTION = YES;
				GCC_WARN_UNUSED_VARIABLE = YES;
				IPHONEOS_DEPLOYMENT_TARGET = 13.5;
				MTL_ENABLE_DEBUG_INFO = NO;
				MTL_FAST_MATH = YES;
				SDKROOT = iphoneos;
				SWIFT_COMPILATION_MODE = wholemodule;
				SWIFT_OPTIMIZATION_LEVEL = "-O";
				VALIDATE_PRODUCT = YES;
			};
			name = Release;
		};
		C23D169F24B5B44A00925AEF /* Debug */ = {
			isa = XCBuildConfiguration;
			buildSettings = {
				ASSETCATALOG_COMPILER_APPICON_NAME = AppIcon;
				CODE_SIGN_STYLE = Automatic;
				DEVELOPMENT_TEAM = D8Z3QRBB63;
				INFOPLIST_FILE = PhotoKitSample/Info.plist;
				LD_RUNPATH_SEARCH_PATHS = (
					"$(inherited)",
					"@executable_path/Frameworks",
				);
				PRODUCT_BUNDLE_IDENTIFIER = kr.cskim.example.PhotoKitSample;
				PRODUCT_NAME = "$(TARGET_NAME)";
				SWIFT_VERSION = 5.0;
				TARGETED_DEVICE_FAMILY = "1,2";
			};
			name = Debug;
		};
		C23D16A024B5B44A00925AEF /* Release */ = {
			isa = XCBuildConfiguration;
			buildSettings = {
				ASSETCATALOG_COMPILER_APPICON_NAME = AppIcon;
				CODE_SIGN_STYLE = Automatic;
				DEVELOPMENT_TEAM = D8Z3QRBB63;
				INFOPLIST_FILE = PhotoKitSample/Info.plist;
				LD_RUNPATH_SEARCH_PATHS = (
					"$(inherited)",
					"@executable_path/Frameworks",
				);
				PRODUCT_BUNDLE_IDENTIFIER = kr.cskim.example.PhotoKitSample;
				PRODUCT_NAME = "$(TARGET_NAME)";
				SWIFT_VERSION = 5.0;
				TARGETED_DEVICE_FAMILY = "1,2";
			};
			name = Release;
		};
/* End XCBuildConfiguration section */

/* Begin XCConfigurationList section */
		C23D168524B5B44900925AEF /* Build configuration list for PBXProject "PhotoKitSample" */ = {
			isa = XCConfigurationList;
			buildConfigurations = (
				C23D169C24B5B44A00925AEF /* Debug */,
				C23D169D24B5B44A00925AEF /* Release */,
			);
			defaultConfigurationIsVisible = 0;
			defaultConfigurationName = Release;
		};
		C23D169E24B5B44A00925AEF /* Build configuration list for PBXNativeTarget "PhotoKitSample" */ = {
			isa = XCConfigurationList;
			buildConfigurations = (
				C23D169F24B5B44A00925AEF /* Debug */,
				C23D16A024B5B44A00925AEF /* Release */,
			);
			defaultConfigurationIsVisible = 0;
			defaultConfigurationName = Release;
		};
/* End XCConfigurationList section */
	};
	rootObject = C23D168224B5B44900925AEF /* Project object */;
}
