// !$*UTF8*$!
{
	archiveVersion = 1;
	classes = {
	};
	objectVersion = 50;
	objects = {

/* Begin PBXBuildFile section */
		004B19A323BDA0C7007392E0 /* AppDelegate.swift in Sources */ = {isa = PBXBuildFile; fileRef = 004B19A223BDA0C7007392E0 /* AppDelegate.swift */; };
		004B19A523BDA0C7007392E0 /* SceneDelegate.swift in Sources */ = {isa = PBXBuildFile; fileRef = 004B19A423BDA0C7007392E0 /* SceneDelegate.swift */; };
		004B19A723BDA0C7007392E0 /* ViewController.swift in Sources */ = {isa = PBXBuildFile; fileRef = 004B19A623BDA0C7007392E0 /* ViewController.swift */; };
		004B19AA23BDA0C7007392E0 /* Main.storyboard in Resources */ = {isa = PBXBuildFile; fileRef = 004B19A823BDA0C7007392E0 /* Main.storyboard */; };
		004B19AC23BDA0C8007392E0 /* Assets.xcassets in Resources */ = {isa = PBXBuildFile; fileRef = 004B19AB23BDA0C8007392E0 /* Assets.xcassets */; };
		004B19AF23BDA0C8007392E0 /* LaunchScreen.storyboard in Resources */ = {isa = PBXBuildFile; fileRef = 004B19AD23BDA0C8007392E0 /* LaunchScreen.storyboard */; };
		004B19BA23BDA0C8007392E0 /* PushPopTests.swift in Sources */ = {isa = PBXBuildFile; fileRef = 004B19B923BDA0C8007392E0 /* PushPopTests.swift */; };
		004B19C523BDA0C8007392E0 /* PushPopUITests.swift in Sources */ = {isa = PBXBuildFile; fileRef = 004B19C423BDA0C8007392E0 /* PushPopUITests.swift */; };
		004B19D323BDA257007392E0 /* SecondViewController.swift in Sources */ = {isa = PBXBuildFile; fileRef = 004B19D223BDA257007392E0 /* SecondViewController.swift */; };
/* End PBXBuildFile section */

/* Begin PBXContainerItemProxy section */
		004B19B623BDA0C8007392E0 /* PBXContainerItemProxy */ = {
			isa = PBXContainerItemProxy;
			containerPortal = 004B199723BDA0C7007392E0 /* Project object */;
			proxyType = 1;
			remoteGlobalIDString = 004B199E23BDA0C7007392E0;
			remoteInfo = PushPop;
		};
		004B19C123BDA0C8007392E0 /* PBXContainerItemProxy */ = {
			isa = PBXContainerItemProxy;
			containerPortal = 004B199723BDA0C7007392E0 /* Project object */;
			proxyType = 1;
			remoteGlobalIDString = 004B199E23BDA0C7007392E0;
			remoteInfo = PushPop;
		};
/* End PBXContainerItemProxy section */

/* Begin PBXFileReference section */
		004B199F23BDA0C7007392E0 /* PushPop.app */ = {isa = PBXFileReference; explicitFileType = wrapper.application; includeInIndex = 0; path = PushPop.app; sourceTree = BUILT_PRODUCTS_DIR; };
		004B19A223BDA0C7007392E0 /* AppDelegate.swift */ = {isa = PBXFileReference; lastKnownFileType = sourcecode.swift; path = AppDelegate.swift; sourceTree = "<group>"; };
		004B19A423BDA0C7007392E0 /* SceneDelegate.swift */ = {isa = PBXFileReference; lastKnownFileType = sourcecode.swift; path = SceneDelegate.swift; sourceTree = "<group>"; };
		004B19A623BDA0C7007392E0 /* ViewController.swift */ = {isa = PBXFileReference; lastKnownFileType = sourcecode.swift; path = ViewController.swift; sourceTree = "<group>"; };
		004B19A923BDA0C7007392E0 /* Base */ = {isa = PBXFileReference; lastKnownFileType = file.storyboard; name = Base; path = Base.lproj/Main.storyboard; sourceTree = "<group>"; };
		004B19AB23BDA0C8007392E0 /* Assets.xcassets */ = {isa = PBXFileReference; lastKnownFileType = folder.assetcatalog; path = Assets.xcassets; sourceTree = "<group>"; };
		004B19AE23BDA0C8007392E0 /* Base */ = {isa = PBXFileReference; lastKnownFileType = file.storyboard; name = Base; path = Base.lproj/LaunchScreen.storyboard; sourceTree = "<group>"; };
		004B19B023BDA0C8007392E0 /* Info.plist */ = {isa = PBXFileReference; lastKnownFileType = text.plist.xml; path = Info.plist; sourceTree = "<group>"; };
		004B19B523BDA0C8007392E0 /* PushPopTests.xctest */ = {isa = PBXFileReference; explicitFileType = wrapper.cfbundle; includeInIndex = 0; path = PushPopTests.xctest; sourceTree = BUILT_PRODUCTS_DIR; };
		004B19B923BDA0C8007392E0 /* PushPopTests.swift */ = {isa = PBXFileReference; lastKnownFileType = sourcecode.swift; path = PushPopTests.swift; sourceTree = "<group>"; };
		004B19BB23BDA0C8007392E0 /* Info.plist */ = {isa = PBXFileReference; lastKnownFileType = text.plist.xml; path = Info.plist; sourceTree = "<group>"; };
		004B19C023BDA0C8007392E0 /* PushPopUITests.xctest */ = {isa = PBXFileReference; explicitFileType = wrapper.cfbundle; includeInIndex = 0; path = PushPopUITests.xctest; sourceTree = BUILT_PRODUCTS_DIR; };
		004B19C423BDA0C8007392E0 /* PushPopUITests.swift */ = {isa = PBXFileReference; lastKnownFileType = sourcecode.swift; path = PushPopUITests.swift; sourceTree = "<group>"; };
		004B19C623BDA0C8007392E0 /* Info.plist */ = {isa = PBXFileReference; lastKnownFileType = text.plist.xml; path = Info.plist; sourceTree = "<group>"; };
		004B19D223BDA257007392E0 /* SecondViewController.swift */ = {isa = PBXFileReference; lastKnownFileType = sourcecode.swift; path = SecondViewController.swift; sourceTree = "<group>"; };
/* End PBXFileReference section */

/* Begin PBXFrameworksBuildPhase section */
		004B199C23BDA0C7007392E0 /* Frameworks */ = {
			isa = PBXFrameworksBuildPhase;
			buildActionMask = 2147483647;
			files = (
			);
			runOnlyForDeploymentPostprocessing = 0;
		};
		004B19B223BDA0C8007392E0 /* Frameworks */ = {
			isa = PBXFrameworksBuildPhase;
			buildActionMask = 2147483647;
			files = (
			);
			runOnlyForDeploymentPostprocessing = 0;
		};
		004B19BD23BDA0C8007392E0 /* Frameworks */ = {
			isa = PBXFrameworksBuildPhase;
			buildActionMask = 2147483647;
			files = (
			);
			runOnlyForDeploymentPostprocessing = 0;
		};
/* End PBXFrameworksBuildPhase section */

/* Begin PBXGroup section */
		004B199623BDA0C7007392E0 = {
			isa = PBXGroup;
			children = (
				004B19A123BDA0C7007392E0 /* PushPop */,
				004B19B823BDA0C8007392E0 /* PushPopTests */,
				004B19C323BDA0C8007392E0 /* PushPopUITests */,
				004B19A023BDA0C7007392E0 /* Products */,
			);
			sourceTree = "<group>";
		};
		004B19A023BDA0C7007392E0 /* Products */ = {
			isa = PBXGroup;
			children = (
				004B199F23BDA0C7007392E0 /* PushPop.app */,
				004B19B523BDA0C8007392E0 /* PushPopTests.xctest */,
				004B19C023BDA0C8007392E0 /* PushPopUITests.xctest */,
			);
			name = Products;
			sourceTree = "<group>";
		};
		004B19A123BDA0C7007392E0 /* PushPop */ = {
			isa = PBXGroup;
			children = (
				004B19A223BDA0C7007392E0 /* AppDelegate.swift */,
				004B19A423BDA0C7007392E0 /* SceneDelegate.swift */,
				004B19A623BDA0C7007392E0 /* ViewController.swift */,
				004B19A823BDA0C7007392E0 /* Main.storyboard */,
				004B19AB23BDA0C8007392E0 /* Assets.xcassets */,
				004B19AD23BDA0C8007392E0 /* LaunchScreen.storyboard */,
				004B19B023BDA0C8007392E0 /* Info.plist */,
				004B19D223BDA257007392E0 /* SecondViewController.swift */,
			);
			path = PushPop;
			sourceTree = "<group>";
		};
		004B19B823BDA0C8007392E0 /* PushPopTests */ = {
			isa = PBXGroup;
			children = (
				004B19B923BDA0C8007392E0 /* PushPopTests.swift */,
				004B19BB23BDA0C8007392E0 /* Info.plist */,
			);
			path = PushPopTests;
			sourceTree = "<group>";
		};
		004B19C323BDA0C8007392E0 /* PushPopUITests */ = {
			isa = PBXGroup;
			children = (
				004B19C423BDA0C8007392E0 /* PushPopUITests.swift */,
				004B19C623BDA0C8007392E0 /* Info.plist */,
			);
			path = PushPopUITests;
			sourceTree = "<group>";
		};
/* End PBXGroup section */

/* Begin PBXNativeTarget section */
		004B199E23BDA0C7007392E0 /* PushPop */ = {
			isa = PBXNativeTarget;
			buildConfigurationList = 004B19C923BDA0C8007392E0 /* Build configuration list for PBXNativeTarget "PushPop" */;
			buildPhases = (
				004B199B23BDA0C7007392E0 /* Sources */,
				004B199C23BDA0C7007392E0 /* Frameworks */,
				004B199D23BDA0C7007392E0 /* Resources */,
			);
			buildRules = (
			);
			dependencies = (
			);
			name = PushPop;
			productName = PushPop;
			productReference = 004B199F23BDA0C7007392E0 /* PushPop.app */;
			productType = "com.apple.product-type.application";
		};
		004B19B423BDA0C8007392E0 /* PushPopTests */ = {
			isa = PBXNativeTarget;
			buildConfigurationList = 004B19CC23BDA0C8007392E0 /* Build configuration list for PBXNativeTarget "PushPopTests" */;
			buildPhases = (
				004B19B123BDA0C8007392E0 /* Sources */,
				004B19B223BDA0C8007392E0 /* Frameworks */,
				004B19B323BDA0C8007392E0 /* Resources */,
			);
			buildRules = (
			);
			dependencies = (
				004B19B723BDA0C8007392E0 /* PBXTargetDependency */,
			);
			name = PushPopTests;
			productName = PushPopTests;
			productReference = 004B19B523BDA0C8007392E0 /* PushPopTests.xctest */;
			productType = "com.apple.product-type.bundle.unit-test";
		};
		004B19BF23BDA0C8007392E0 /* PushPopUITests */ = {
			isa = PBXNativeTarget;
			buildConfigurationList = 004B19CF23BDA0C8007392E0 /* Build configuration list for PBXNativeTarget "PushPopUITests" */;
			buildPhases = (
				004B19BC23BDA0C8007392E0 /* Sources */,
				004B19BD23BDA0C8007392E0 /* Frameworks */,
				004B19BE23BDA0C8007392E0 /* Resources */,
			);
			buildRules = (
			);
			dependencies = (
				004B19C223BDA0C8007392E0 /* PBXTargetDependency */,
			);
			name = PushPopUITests;
			productName = PushPopUITests;
			productReference = 004B19C023BDA0C8007392E0 /* PushPopUITests.xctest */;
			productType = "com.apple.product-type.bundle.ui-testing";
		};
/* End PBXNativeTarget section */

/* Begin PBXProject section */
		004B199723BDA0C7007392E0 /* Project object */ = {
			isa = PBXProject;
			attributes = {
				LastSwiftUpdateCheck = 1110;
				LastUpgradeCheck = 1110;
				ORGANIZATIONNAME = wook;
				TargetAttributes = {
					004B199E23BDA0C7007392E0 = {
						CreatedOnToolsVersion = 11.1;
					};
					004B19B423BDA0C8007392E0 = {
						CreatedOnToolsVersion = 11.1;
						TestTargetID = 004B199E23BDA0C7007392E0;
					};
					004B19BF23BDA0C8007392E0 = {
						CreatedOnToolsVersion = 11.1;
						TestTargetID = 004B199E23BDA0C7007392E0;
					};
				};
			};
			buildConfigurationList = 004B199A23BDA0C7007392E0 /* Build configuration list for PBXProject "PushPop" */;
			compatibilityVersion = "Xcode 9.3";
			developmentRegion = en;
			hasScannedForEncodings = 0;
			knownRegions = (
				en,
				Base,
			);
			mainGroup = 004B199623BDA0C7007392E0;
			productRefGroup = 004B19A023BDA0C7007392E0 /* Products */;
			projectDirPath = "";
			projectRoot = "";
			targets = (
				004B199E23BDA0C7007392E0 /* PushPop */,
				004B19B423BDA0C8007392E0 /* PushPopTests */,
				004B19BF23BDA0C8007392E0 /* PushPopUITests */,
			);
		};
/* End PBXProject section */

/* Begin PBXResourcesBuildPhase section */
		004B199D23BDA0C7007392E0 /* Resources */ = {
			isa = PBXResourcesBuildPhase;
			buildActionMask = 2147483647;
			files = (
				004B19AF23BDA0C8007392E0 /* LaunchScreen.storyboard in Resources */,
				004B19AC23BDA0C8007392E0 /* Assets.xcassets in Resources */,
				004B19AA23BDA0C7007392E0 /* Main.storyboard in Resources */,
			);
			runOnlyForDeploymentPostprocessing = 0;
		};
		004B19B323BDA0C8007392E0 /* Resources */ = {
			isa = PBXResourcesBuildPhase;
			buildActionMask = 2147483647;
			files = (
			);
			runOnlyForDeploymentPostprocessing = 0;
		};
		004B19BE23BDA0C8007392E0 /* Resources */ = {
			isa = PBXResourcesBuildPhase;
			buildActionMask = 2147483647;
			files = (
			);
			runOnlyForDeploymentPostprocessing = 0;
		};
/* End PBXResourcesBuildPhase section */

/* Begin PBXSourcesBuildPhase section */
		004B199B23BDA0C7007392E0 /* Sources */ = {
			isa = PBXSourcesBuildPhase;
			buildActionMask = 2147483647;
			files = (
				004B19D323BDA257007392E0 /* SecondViewController.swift in Sources */,
				004B19A723BDA0C7007392E0 /* ViewController.swift in Sources */,
				004B19A323BDA0C7007392E0 /* AppDelegate.swift in Sources */,
				004B19A523BDA0C7007392E0 /* SceneDelegate.swift in Sources */,
			);
			runOnlyForDeploymentPostprocessing = 0;
		};
		004B19B123BDA0C8007392E0 /* Sources */ = {
			isa = PBXSourcesBuildPhase;
			buildActionMask = 2147483647;
			files = (
				004B19BA23BDA0C8007392E0 /* PushPopTests.swift in Sources */,
			);
			runOnlyForDeploymentPostprocessing = 0;
		};
		004B19BC23BDA0C8007392E0 /* Sources */ = {
			isa = PBXSourcesBuildPhase;
			buildActionMask = 2147483647;
			files = (
				004B19C523BDA0C8007392E0 /* PushPopUITests.swift in Sources */,
			);
			runOnlyForDeploymentPostprocessing = 0;
		};
/* End PBXSourcesBuildPhase section */

/* Begin PBXTargetDependency section */
		004B19B723BDA0C8007392E0 /* PBXTargetDependency */ = {
			isa = PBXTargetDependency;
			target = 004B199E23BDA0C7007392E0 /* PushPop */;
			targetProxy = 004B19B623BDA0C8007392E0 /* PBXContainerItemProxy */;
		};
		004B19C223BDA0C8007392E0 /* PBXTargetDependency */ = {
			isa = PBXTargetDependency;
			target = 004B199E23BDA0C7007392E0 /* PushPop */;
			targetProxy = 004B19C123BDA0C8007392E0 /* PBXContainerItemProxy */;
		};
/* End PBXTargetDependency section */

/* Begin PBXVariantGroup section */
		004B19A823BDA0C7007392E0 /* Main.storyboard */ = {
			isa = PBXVariantGroup;
			children = (
				004B19A923BDA0C7007392E0 /* Base */,
			);
			name = Main.storyboard;
			sourceTree = "<group>";
		};
		004B19AD23BDA0C8007392E0 /* LaunchScreen.storyboard */ = {
			isa = PBXVariantGroup;
			children = (
				004B19AE23BDA0C8007392E0 /* Base */,
			);
			name = LaunchScreen.storyboard;
			sourceTree = "<group>";
		};
/* End PBXVariantGroup section */

/* Begin XCBuildConfiguration section */
		004B19C723BDA0C8007392E0 /* Debug */ = {
			isa = XCBuildConfiguration;
			buildSettings = {
				ALWAYS_SEARCH_USER_PATHS = NO;
				CLANG_ANALYZER_NONNULL = YES;
				CLANG_ANALYZER_NUMBER_OBJECT_CONVERSION = YES_AGGRESSIVE;
				CLANG_CXX_LANGUAGE_STANDARD = "gnu++14";
				CLANG_CXX_LIBRARY = "libc++";
				CLANG_ENABLE_MODULES = YES;
				CLANG_ENABLE_OBJC_ARC = YES;
				CLANG_ENABLE_OBJC_WEAK = YES;
				CLANG_WARN_BLOCK_CAPTURE_AUTORELEASING = YES;
				CLANG_WARN_BOOL_CONVERSION = YES;
				CLANG_WARN_COMMA = YES;
				CLANG_WARN_CONSTANT_CONVERSION = YES;
				CLANG_WARN_DEPRECATED_OBJC_IMPLEMENTATIONS = YES;
				CLANG_WARN_DIRECT_OBJC_ISA_USAGE = YES_ERROR;
				CLANG_WARN_DOCUMENTATION_COMMENTS = YES;
				CLANG_WARN_EMPTY_BODY = YES;
				CLANG_WARN_ENUM_CONVERSION = YES;
				CLANG_WARN_INFINITE_RECURSION = YES;
				CLANG_WARN_INT_CONVERSION = YES;
				CLANG_WARN_NON_LITERAL_NULL_CONVERSION = YES;
				CLANG_WARN_OBJC_IMPLICIT_RETAIN_SELF = YES;
				CLANG_WARN_OBJC_LITERAL_CONVERSION = YES;
				CLANG_WARN_OBJC_ROOT_CLASS = YES_ERROR;
				CLANG_WARN_RANGE_LOOP_ANALYSIS = YES;
				CLANG_WARN_STRICT_PROTOTYPES = YES;
				CLANG_WARN_SUSPICIOUS_MOVE = YES;
				CLANG_WARN_UNGUARDED_AVAILABILITY = YES_AGGRESSIVE;
				CLANG_WARN_UNREACHABLE_CODE = YES;
				CLANG_WARN__DUPLICATE_METHOD_MATCH = YES;
				COPY_PHASE_STRIP = NO;
				DEBUG_INFORMATION_FORMAT = dwarf;
				ENABLE_STRICT_OBJC_MSGSEND = YES;
				ENABLE_TESTABILITY = YES;
				GCC_C_LANGUAGE_STANDARD = gnu11;
				GCC_DYNAMIC_NO_PIC = NO;
				GCC_NO_COMMON_BLOCKS = YES;
				GCC_OPTIMIZATION_LEVEL = 0;
				GCC_PREPROCESSOR_DEFINITIONS = (
					"DEBUG=1",
					"$(inherited)",
				);
				GCC_WARN_64_TO_32_BIT_CONVERSION = YES;
				GCC_WARN_ABOUT_RETURN_TYPE = YES_ERROR;
				GCC_WARN_UNDECLARED_SELECTOR = YES;
				GCC_WARN_UNINITIALIZED_AUTOS = YES_AGGRESSIVE;
				GCC_WARN_UNUSED_FUNCTION = YES;
				GCC_WARN_UNUSED_VARIABLE = YES;
				IPHONEOS_DEPLOYMENT_TARGET = 13.1;
				MTL_ENABLE_DEBUG_INFO = INCLUDE_SOURCE;
				MTL_FAST_MATH = YES;
				ONLY_ACTIVE_ARCH = YES;
				SDKROOT = iphoneos;
				SWIFT_ACTIVE_COMPILATION_CONDITIONS = DEBUG;
				SWIFT_OPTIMIZATION_LEVEL = "-Onone";
			};
			name = Debug;
		};
		004B19C823BDA0C8007392E0 /* Release */ = {
			isa = XCBuildConfiguration;
			buildSettings = {
				ALWAYS_SEARCH_USER_PATHS = NO;
				CLANG_ANALYZER_NONNULL = YES;
				CLANG_ANALYZER_NUMBER_OBJECT_CONVERSION = YES_AGGRESSIVE;
				CLANG_CXX_LANGUAGE_STANDARD = "gnu++14";
				CLANG_CXX_LIBRARY = "libc++";
				CLANG_ENABLE_MODULES = YES;
				CLANG_ENABLE_OBJC_ARC = YES;
				CLANG_ENABLE_OBJC_WEAK = YES;
				CLANG_WARN_BLOCK_CAPTURE_AUTORELEASING = YES;
				CLANG_WARN_BOOL_CONVERSION = YES;
				CLANG_WARN_COMMA = YES;
				CLANG_WARN_CONSTANT_CONVERSION = YES;
				CLANG_WARN_DEPRECATED_OBJC_IMPLEMENTATIONS = YES;
				CLANG_WARN_DIRECT_OBJC_ISA_USAGE = YES_ERROR;
				CLANG_WARN_DOCUMENTATION_COMMENTS = YES;
				CLANG_WARN_EMPTY_BODY = YES;
				CLANG_WARN_ENUM_CONVERSION = YES;
				CLANG_WARN_INFINITE_RECURSION = YES;
				CLANG_WARN_INT_CONVERSION = YES;
				CLANG_WARN_NON_LITERAL_NULL_CONVERSION = YES;
				CLANG_WARN_OBJC_IMPLICIT_RETAIN_SELF = YES;
				CLANG_WARN_OBJC_LITERAL_CONVERSION = YES;
				CLANG_WARN_OBJC_ROOT_CLASS = YES_ERROR;
				CLANG_WARN_RANGE_LOOP_ANALYSIS = YES;
				CLANG_WARN_STRICT_PROTOTYPES = YES;
				CLANG_WARN_SUSPICIOUS_MOVE = YES;
				CLANG_WARN_UNGUARDED_AVAILABILITY = YES_AGGRESSIVE;
				CLANG_WARN_UNREACHABLE_CODE = YES;
				CLANG_WARN__DUPLICATE_METHOD_MATCH = YES;
				COPY_PHASE_STRIP = NO;
				DEBUG_INFORMATION_FORMAT = "dwarf-with-dsym";
				ENABLE_NS_ASSERTIONS = NO;
				ENABLE_STRICT_OBJC_MSGSEND = YES;
				GCC_C_LANGUAGE_STANDARD = gnu11;
				GCC_NO_COMMON_BLOCKS = YES;
				GCC_WARN_64_TO_32_BIT_CONVERSION = YES;
				GCC_WARN_ABOUT_RETURN_TYPE = YES_ERROR;
				GCC_WARN_UNDECLARED_SELECTOR = YES;
				GCC_WARN_UNINITIALIZED_AUTOS = YES_AGGRESSIVE;
				GCC_WARN_UNUSED_FUNCTION = YES;
				GCC_WARN_UNUSED_VARIABLE = YES;
				IPHONEOS_DEPLOYMENT_TARGET = 13.1;
				MTL_ENABLE_DEBUG_INFO = NO;
				MTL_FAST_MATH = YES;
				SDKROOT = iphoneos;
				SWIFT_COMPILATION_MODE = wholemodule;
				SWIFT_OPTIMIZATION_LEVEL = "-O";
				VALIDATE_PRODUCT = YES;
			};
			name = Release;
		};
		004B19CA23BDA0C8007392E0 /* Debug */ = {
			isa = XCBuildConfiguration;
			buildSettings = {
				ASSETCATALOG_COMPILER_APPICON_NAME = AppIcon;
				CODE_SIGN_STYLE = Automatic;
				DEVELOPMENT_TEAM = ATSSYJGN7N;
				INFOPLIST_FILE = PushPop/Info.plist;
				LD_RUNPATH_SEARCH_PATHS = (
					"$(inherited)",
					"@executable_path/Frameworks",
				);
				PRODUCT_BUNDLE_IDENTIFIER = com.owl.memo.PushPop;
				PRODUCT_NAME = "$(TARGET_NAME)";
				SWIFT_VERSION = 5.0;
				TARGETED_DEVICE_FAMILY = "1,2";
			};
			name = Debug;
		};
		004B19CB23BDA0C8007392E0 /* Release */ = {
			isa = XCBuildConfiguration;
			buildSettings = {
				ASSETCATALOG_COMPILER_APPICON_NAME = AppIcon;
				CODE_SIGN_STYLE = Automatic;
				DEVELOPMENT_TEAM = ATSSYJGN7N;
				INFOPLIST_FILE = PushPop/Info.plist;
				LD_RUNPATH_SEARCH_PATHS = (
					"$(inherited)",
					"@executable_path/Frameworks",
				);
				PRODUCT_BUNDLE_IDENTIFIER = com.owl.memo.PushPop;
				PRODUCT_NAME = "$(TARGET_NAME)";
				SWIFT_VERSION = 5.0;
				TARGETED_DEVICE_FAMILY = "1,2";
			};
			name = Release;
		};
		004B19CD23BDA0C8007392E0 /* Debug */ = {
			isa = XCBuildConfiguration;
			buildSettings = {
				ALWAYS_EMBED_SWIFT_STANDARD_LIBRARIES = YES;
				BUNDLE_LOADER = "$(TEST_HOST)";
				CODE_SIGN_STYLE = Automatic;
				DEVELOPMENT_TEAM = ATSSYJGN7N;
				INFOPLIST_FILE = PushPopTests/Info.plist;
				IPHONEOS_DEPLOYMENT_TARGET = 13.1;
				LD_RUNPATH_SEARCH_PATHS = (
					"$(inherited)",
					"@executable_path/Frameworks",
					"@loader_path/Frameworks",
				);
				PRODUCT_BUNDLE_IDENTIFIER = com.owl.memo.PushPopTests;
				PRODUCT_NAME = "$(TARGET_NAME)";
				SWIFT_VERSION = 5.0;
				TARGETED_DEVICE_FAMILY = "1,2";
				TEST_HOST = "$(BUILT_PRODUCTS_DIR)/PushPop.app/PushPop";
			};
			name = Debug;
		};
		004B19CE23BDA0C8007392E0 /* Release */ = {
			isa = XCBuildConfiguration;
			buildSettings = {
				ALWAYS_EMBED_SWIFT_STANDARD_LIBRARIES = YES;
				BUNDLE_LOADER = "$(TEST_HOST)";
				CODE_SIGN_STYLE = Automatic;
				DEVELOPMENT_TEAM = ATSSYJGN7N;
				INFOPLIST_FILE = PushPopTests/Info.plist;
				IPHONEOS_DEPLOYMENT_TARGET = 13.1;
				LD_RUNPATH_SEARCH_PATHS = (
					"$(inherited)",
					"@executable_path/Frameworks",
					"@loader_path/Frameworks",
				);
				PRODUCT_BUNDLE_IDENTIFIER = com.owl.memo.PushPopTests;
				PRODUCT_NAME = "$(TARGET_NAME)";
				SWIFT_VERSION = 5.0;
				TARGETED_DEVICE_FAMILY = "1,2";
				TEST_HOST = "$(BUILT_PRODUCTS_DIR)/PushPop.app/PushPop";
			};
			name = Release;
		};
		004B19D023BDA0C8007392E0 /* Debug */ = {
			isa = XCBuildConfiguration;
			buildSettings = {
				ALWAYS_EMBED_SWIFT_STANDARD_LIBRARIES = YES;
				CODE_SIGN_STYLE = Automatic;
				DEVELOPMENT_TEAM = ATSSYJGN7N;
				INFOPLIST_FILE = PushPopUITests/Info.plist;
				LD_RUNPATH_SEARCH_PATHS = (
					"$(inherited)",
					"@executable_path/Frameworks",
					"@loader_path/Frameworks",
				);
				PRODUCT_BUNDLE_IDENTIFIER = com.owl.memo.PushPopUITests;
				PRODUCT_NAME = "$(TARGET_NAME)";
				SWIFT_VERSION = 5.0;
				TARGETED_DEVICE_FAMILY = "1,2";
				TEST_TARGET_NAME = PushPop;
			};
			name = Debug;
		};
		004B19D123BDA0C8007392E0 /* Release */ = {
			isa = XCBuildConfiguration;
			buildSettings = {
				ALWAYS_EMBED_SWIFT_STANDARD_LIBRARIES = YES;
				CODE_SIGN_STYLE = Automatic;
				DEVELOPMENT_TEAM = ATSSYJGN7N;
				INFOPLIST_FILE = PushPopUITests/Info.plist;
				LD_RUNPATH_SEARCH_PATHS = (
					"$(inherited)",
					"@executable_path/Frameworks",
					"@loader_path/Frameworks",
				);
				PRODUCT_BUNDLE_IDENTIFIER = com.owl.memo.PushPopUITests;
				PRODUCT_NAME = "$(TARGET_NAME)";
				SWIFT_VERSION = 5.0;
				TARGETED_DEVICE_FAMILY = "1,2";
				TEST_TARGET_NAME = PushPop;
			};
			name = Release;
		};
/* End XCBuildConfiguration section */

/* Begin XCConfigurationList section */
		004B199A23BDA0C7007392E0 /* Build configuration list for PBXProject "PushPop" */ = {
			isa = XCConfigurationList;
			buildConfigurations = (
				004B19C723BDA0C8007392E0 /* Debug */,
				004B19C823BDA0C8007392E0 /* Release */,
			);
			defaultConfigurationIsVisible = 0;
			defaultConfigurationName = Release;
		};
		004B19C923BDA0C8007392E0 /* Build configuration list for PBXNativeTarget "PushPop" */ = {
			isa = XCConfigurationList;
			buildConfigurations = (
				004B19CA23BDA0C8007392E0 /* Debug */,
				004B19CB23BDA0C8007392E0 /* Release */,
			);
			defaultConfigurationIsVisible = 0;
			defaultConfigurationName = Release;
		};
		004B19CC23BDA0C8007392E0 /* Build configuration list for PBXNativeTarget "PushPopTests" */ = {
			isa = XCConfigurationList;
			buildConfigurations = (
				004B19CD23BDA0C8007392E0 /* Debug */,
				004B19CE23BDA0C8007392E0 /* Release */,
			);
			defaultConfigurationIsVisible = 0;
			defaultConfigurationName = Release;
		};
		004B19CF23BDA0C8007392E0 /* Build configuration list for PBXNativeTarget "PushPopUITests" */ = {
			isa = XCConfigurationList;
			buildConfigurations = (
				004B19D023BDA0C8007392E0 /* Debug */,
				004B19D123BDA0C8007392E0 /* Release */,
			);
			defaultConfigurationIsVisible = 0;
			defaultConfigurationName = Release;
		};
/* End XCConfigurationList section */
	};
	rootObject = 004B199723BDA0C7007392E0 /* Project object */;
}
